
Microsoft Visual Studio Solution File, Format Version 12.00
# Visual Studio Version 16
VisualStudioVersion = 16.0.30104.148
MinimumVisualStudioVersion = 10.0.40219.1
Project("{FAE04EC0-301F-11D3-BF4B-00C04F79EFBC}") = "EMMS_Project", "EMMS_Project\EMMS_Project.csproj", "{858F2904-1062-4912-9C6A-163421AE896C}"
EndProject
Global
	GlobalSection(SolutionConfigurationPlatforms) = preSolution
		Debug|Any CPU = Debug|Any CPU
		Release|Any CPU = Release|Any CPU
	EndGlobalSection
	GlobalSection(ProjectConfigurationPlatforms) = postSolution
		{858F2904-1062-4912-9C6A-163421AE896C}.Debug|Any CPU.ActiveCfg = Debug|Any CPU
		{858F2904-1062-4912-9C6A-163421AE896C}.Debug|Any CPU.Build.0 = Debug|Any CPU
		{858F2904-1062-4912-9C6A-163421AE896C}.Release|Any CPU.ActiveCfg = Release|Any CPU
		{858F2904-1062-4912-9C6A-163421AE896C}.Release|Any CPU.Build.0 = Release|Any CPU
	EndGlobalSection
	GlobalSection(SolutionProperties) = preSolution
		HideSolutionNode = FALSE
	EndGlobalSection
	GlobalSection(ExtensibilityGlobals) = postSolution
		SolutionGuid = {BB4A1EFC-DE0B-4E06-8D73-B2D095961FE3}
	EndGlobalSection
EndGlobal
